
Microsoft Visual Studio Solution File, Format Version 12.00
# Visual Studio Version 16
VisualStudioVersion = 16.0.29911.84
MinimumVisualStudioVersion = 10.0.40219.1
Project("{9A19103F-16F7-4668-BE54-9A1E7A4F7556}") = "Repl.Setup", "Setup\Repl.Setup.csproj", "{A5842E75-D32F-4175-81A5-D869FCBBBFBF}"
EndProject
Global
	GlobalSection(SolutionConfigurationPlatforms) = preSolution
		Debug|Any CPU = Debug|Any CPU
		Release|Any CPU = Release|Any CPU
	EndGlobalSection
	GlobalSection(ProjectConfigurationPlatforms) = postSolution
		{A5842E75-D32F-4175-81A5-D869FCBBBFBF}.Debug|Any CPU.ActiveCfg = Debug|Any CPU
		{A5842E75-D32F-4175-81A5-D869FCBBBFBF}.Debug|Any CPU.Build.0 = Debug|Any CPU
		{A5842E75-D32F-4175-81A5-D869FCBBBFBF}.Release|Any CPU.ActiveCfg = Release|Any CPU
		{A5842E75-D32F-4175-81A5-D869FCBBBFBF}.Release|Any CPU.Build.0 = Release|Any CPU
	EndGlobalSection
	GlobalSection(SolutionProperties) = preSolution
		HideSolutionNode = FALSE
	EndGlobalSection
	GlobalSection(ExtensibilityGlobals) = postSolution
		SolutionGuid = {12692890-496B-4334-BDB8-156AEDB5F95A}
	EndGlobalSection
EndGlobal
